
Microsoft Visual Studio Solution File, Format Version 12.00
# Visual Studio 15
VisualStudioVersion = 15.0.27428.1
MinimumVisualStudioVersion = 10.0.40219.1
Project("{FAE04EC0-301F-11D3-BF4B-00C04F79EFBC}") = "AMap2DBinding.iOS", "AMap2DBinding.iOS\AMap2DBinding.iOS.csproj", "{662FCC47-9227-4AAF-9843-6E2CE67867EE}"
EndProject
Project("{FAE04EC0-301F-11D3-BF4B-00C04F79EFBC}") = "AMapFoundationBinding.iOS", "AMapFoundationBinding.iOS\AMapFoundationBinding.iOS.csproj", "{F92BF928-1C48-4778-AC51-1A7A3AC3BF00}"
EndProject
Project("{FAE04EC0-301F-11D3-BF4B-00C04F79EFBC}") = "AMap3DBinding.iOS", "AMap3DBinding.iOS\AMap3DBinding.iOS.csproj", "{ACBCE952-CF68-4416-AEE6-A3C967B545FC}"
EndProject
Project("{FAE04EC0-301F-11D3-BF4B-00C04F79EFBC}") = "AMapSearchBinding.iOS", "AMapSearchBinding.iOS\AMapSearchBinding.iOS.csproj", "{512CAEC5-E48A-4FD4-90C6-9895BCC5A521}"
EndProject
Project("{FAE04EC0-301F-11D3-BF4B-00C04F79EFBC}") = "DemoApp", "DemoApp\DemoApp.csproj", "{C8EA1C9D-5C12-48E5-B1DB-22FB62463FD5}"
EndProject
Global
	GlobalSection(SolutionConfigurationPlatforms) = preSolution
		Debug|Any CPU = Debug|Any CPU
		Debug|iPhone = Debug|iPhone
		Debug|iPhoneSimulator = Debug|iPhoneSimulator
		Release|Any CPU = Release|Any CPU
		Release|iPhone = Release|iPhone
		Release|iPhoneSimulator = Release|iPhoneSimulator
	EndGlobalSection
	GlobalSection(ProjectConfigurationPlatforms) = postSolution
		{662FCC47-9227-4AAF-9843-6E2CE67867EE}.Debug|Any CPU.ActiveCfg = Debug|Any CPU
		{662FCC47-9227-4AAF-9843-6E2CE67867EE}.Debug|Any CPU.Build.0 = Debug|Any CPU
		{662FCC47-9227-4AAF-9843-6E2CE67867EE}.Debug|iPhone.ActiveCfg = Debug|Any CPU
		{662FCC47-9227-4AAF-9843-6E2CE67867EE}.Debug|iPhone.Build.0 = Debug|Any CPU
		{662FCC47-9227-4AAF-9843-6E2CE67867EE}.Debug|iPhoneSimulator.ActiveCfg = Debug|Any CPU
		{662FCC47-9227-4AAF-9843-6E2CE67867EE}.Debug|iPhoneSimulator.Build.0 = Debug|Any CPU
		{662FCC47-9227-4AAF-9843-6E2CE67867EE}.Release|Any CPU.ActiveCfg = Release|Any CPU
		{662FCC47-9227-4AAF-9843-6E2CE67867EE}.Release|Any CPU.Build.0 = Release|Any CPU
		{662FCC47-9227-4AAF-9843-6E2CE67867EE}.Release|iPhone.ActiveCfg = Release|Any CPU
		{662FCC47-9227-4AAF-9843-6E2CE67867EE}.Release|iPhone.Build.0 = Release|Any CPU
		{662FCC47-9227-4AAF-9843-6E2CE67867EE}.Release|iPhoneSimulator.ActiveCfg = Release|Any CPU
		{662FCC47-9227-4AAF-9843-6E2CE67867EE}.Release|iPhoneSimulator.Build.0 = Release|Any CPU
		{F92BF928-1C48-4778-AC51-1A7A3AC3BF00}.Debug|Any CPU.ActiveCfg = Debug|Any CPU
		{F92BF928-1C48-4778-AC51-1A7A3AC3BF00}.Debug|Any CPU.Build.0 = Debug|Any CPU
		{F92BF928-1C48-4778-AC51-1A7A3AC3BF00}.Debug|iPhone.ActiveCfg = Debug|Any CPU
		{F92BF928-1C48-4778-AC51-1A7A3AC3BF00}.Debug|iPhone.Build.0 = Debug|Any CPU
		{F92BF928-1C48-4778-AC51-1A7A3AC3BF00}.Debug|iPhoneSimulator.ActiveCfg = Debug|Any CPU
		{F92BF928-1C48-4778-AC51-1A7A3AC3BF00}.Debug|iPhoneSimulator.Build.0 = Debug|Any CPU
		{F92BF928-1C48-4778-AC51-1A7A3AC3BF00}.Release|Any CPU.ActiveCfg = Release|Any CPU
		{F92BF928-1C48-4778-AC51-1A7A3AC3BF00}.Release|Any CPU.Build.0 = Release|Any CPU
		{F92BF928-1C48-4778-AC51-1A7A3AC3BF00}.Release|iPhone.ActiveCfg = Release|Any CPU
		{F92BF928-1C48-4778-AC51-1A7A3AC3BF00}.Release|iPhone.Build.0 = Release|Any CPU
		{F92BF928-1C48-4778-AC51-1A7A3AC3BF00}.Release|iPhoneSimulator.ActiveCfg = Release|Any CPU
		{F92BF928-1C48-4778-AC51-1A7A3AC3BF00}.Release|iPhoneSimulator.Build.0 = Release|Any CPU
		{ACBCE952-CF68-4416-AEE6-A3C967B545FC}.Debug|Any CPU.ActiveCfg = Debug|Any CPU
		{ACBCE952-CF68-4416-AEE6-A3C967B545FC}.Debug|Any CPU.Build.0 = Debug|Any CPU
		{ACBCE952-CF68-4416-AEE6-A3C967B545FC}.Debug|iPhone.ActiveCfg = Debug|Any CPU
		{ACBCE952-CF68-4416-AEE6-A3C967B545FC}.Debug|iPhone.Build.0 = Debug|Any CPU
		{ACBCE952-CF68-4416-AEE6-A3C967B545FC}.Debug|iPhoneSimulator.ActiveCfg = Debug|Any CPU
		{ACBCE952-CF68-4416-AEE6-A3C967B545FC}.Debug|iPhoneSimulator.Build.0 = Debug|Any CPU
		{ACBCE952-CF68-4416-AEE6-A3C967B545FC}.Release|Any CPU.ActiveCfg = Release|Any CPU
		{ACBCE952-CF68-4416-AEE6-A3C967B545FC}.Release|Any CPU.Build.0 = Release|Any CPU
		{ACBCE952-CF68-4416-AEE6-A3C967B545FC}.Release|iPhone.ActiveCfg = Release|Any CPU
		{ACBCE952-CF68-4416-AEE6-A3C967B545FC}.Release|iPhone.Build.0 = Release|Any CPU
		{ACBCE952-CF68-4416-AEE6-A3C967B545FC}.Release|iPhoneSimulator.ActiveCfg = Release|Any CPU
		{ACBCE952-CF68-4416-AEE6-A3C967B545FC}.Release|iPhoneSimulator.Build.0 = Release|Any CPU
		{512CAEC5-E48A-4FD4-90C6-9895BCC5A521}.Debug|Any CPU.ActiveCfg = Debug|Any CPU
		{512CAEC5-E48A-4FD4-90C6-9895BCC5A521}.Debug|Any CPU.Build.0 = Debug|Any CPU
		{512CAEC5-E48A-4FD4-90C6-9895BCC5A521}.Debug|iPhone.ActiveCfg = Debug|Any CPU
		{512CAEC5-E48A-4FD4-90C6-9895BCC5A521}.Debug|iPhone.Build.0 = Debug|Any CPU
		{512CAEC5-E48A-4FD4-90C6-9895BCC5A521}.Debug|iPhoneSimulator.ActiveCfg = Debug|Any CPU
		{512CAEC5-E48A-4FD4-90C6-9895BCC5A521}.Debug|iPhoneSimulator.Build.0 = Debug|Any CPU
		{512CAEC5-E48A-4FD4-90C6-9895BCC5A521}.Release|Any CPU.ActiveCfg = Release|Any CPU
		{512CAEC5-E48A-4FD4-90C6-9895BCC5A521}.Release|Any CPU.Build.0 = Release|Any CPU
		{512CAEC5-E48A-4FD4-90C6-9895BCC5A521}.Release|iPhone.ActiveCfg = Release|Any CPU
		{512CAEC5-E48A-4FD4-90C6-9895BCC5A521}.Release|iPhone.Build.0 = Release|Any CPU
		{512CAEC5-E48A-4FD4-90C6-9895BCC5A521}.Release|iPhoneSimulator.ActiveCfg = Release|Any CPU
		{512CAEC5-E48A-4FD4-90C6-9895BCC5A521}.Release|iPhoneSimulator.Build.0 = Release|Any CPU
		{C8EA1C9D-5C12-48E5-B1DB-22FB62463FD5}.Debug|Any CPU.ActiveCfg = Debug|iPhoneSimulator
		{C8EA1C9D-5C12-48E5-B1DB-22FB62463FD5}.Debug|Any CPU.Build.0 = Debug|iPhoneSimulator
		{C8EA1C9D-5C12-48E5-B1DB-22FB62463FD5}.Debug|iPhone.ActiveCfg = Debug|iPhone
		{C8EA1C9D-5C12-48E5-B1DB-22FB62463FD5}.Debug|iPhone.Build.0 = Debug|iPhone
		{C8EA1C9D-5C12-48E5-B1DB-22FB62463FD5}.Debug|iPhoneSimulator.ActiveCfg = Debug|iPhoneSimulator
		{C8EA1C9D-5C12-48E5-B1DB-22FB62463FD5}.Debug|iPhoneSimulator.Build.0 = Debug|iPhoneSimulator
		{C8EA1C9D-5C12-48E5-B1DB-22FB62463FD5}.Release|Any CPU.ActiveCfg = Release|iPhone
		{C8EA1C9D-5C12-48E5-B1DB-22FB62463FD5}.Release|Any CPU.Build.0 = Release|iPhone
		{C8EA1C9D-5C12-48E5-B1DB-22FB62463FD5}.Release|iPhone.ActiveCfg = Release|iPhone
		{C8EA1C9D-5C12-48E5-B1DB-22FB62463FD5}.Release|iPhone.Build.0 = Release|iPhone
		{C8EA1C9D-5C12-48E5-B1DB-22FB62463FD5}.Release|iPhoneSimulator.ActiveCfg = Release|iPhoneSimulator
		{C8EA1C9D-5C12-48E5-B1DB-22FB62463FD5}.Release|iPhoneSimulator.Build.0 = Release|iPhoneSimulator
	EndGlobalSection
	GlobalSection(SolutionProperties) = preSolution
		HideSolutionNode = FALSE
	EndGlobalSection
	GlobalSection(ExtensibilityGlobals) = postSolution
		SolutionGuid = {3ECB9AF7-31E5-4B28-9A7E-61170E4E2017}
	EndGlobalSection
EndGlobal
